version: '1.0'
addons:
  claude-code:test-addon:
    addon_id: test-addon
    name: Test Addon
    version: 1.0.0
    integration_type: mcp
    target_agent: claude-code
    checksum: sha256:e3b0c44298fc1c149afbf4c8996fb92427ae41e4649b934ca495991b7852b855
    installed_at: '2026-08-19T11:38:28.193672+00:00'
  claude-code:github-mcp:
    addon_id: github-mcp
    name: GitHub MCP Server
    version: 1.0.0
    integration_type: mcp
    target_agent: claude-code
    checksum: sha256:aaaaaaaaaaaaaaaaaaaaaaaaaaaaaaaaaaaaaaaaaaaaaaaaaaaaaaaaaaaaaaaa
    installed_at: '2026-08-19T11:38:36.342947+00:00'
  claude-code:test-skill:
    addon_id: test-skill
    name: Test Skill
    version: 1.0.0
    integration_type: skill
    target_agent: claude-code
    checksum: sha256:aaaaaaaaaaaaaaaaaaaaaaaaaaaaaaaaaaaaaaaaaaaaaaaaaaaaaaaaaaaaaaaa
    installed_at: '2026-08-19T11:38:23.580860+00:00'
  codex:github-mcp:
    addon_id: github-mcp
    name: GitHub MCP Server
    version: 1.0.0
    integration_type: mcp
    target_agent: codex
    checksum: sha256:aaaaaaaaaaaaaaaaaaaaaaaaaaaaaaaaaaaaaaaaaaaaaaaaaaaaaaaaaaaaaaaa
    installed_at: '2026-08-19T11:38:28.586174+00:00'
  claude-code:code-reviewer:
    addon_id: code-reviewer
    name: Code Reviewer Skill
    version: 1.0.0
    integration_type: skill
    target_agent: claude-code
    checksum: sha256:aaaaaaaaaaaaaaaaaaaaaaaaaaaaaaaaaaaaaaaaaaaaaaaaaaaaaaaaaaaaaaaa
    installed_at: '2026-08-19T11:38:27.916450+00:00'
  claude-code:composite-bundle:
    addon_id: composite-bundle
    name: Composite Bundle Plugin
    version: 1.0.0
    integration_type: plugin
    target_agent: claude-code
    checksum: sha256:aaaaaaaaaaaaaaaaaaaaaaaaaaaaaaaaaaaaaaaaaaaaaaaaaaaaaaaaaaaaaaaa
    installed_at: '2026-08-19T11:38:36.479640+00:00'
